
Microsoft Visual Studio Solution File, Format Version 12.00
# Visual Studio 15
VisualStudioVersion = 15.0.26124.0
MinimumVisualStudioVersion = 15.0.26124.0
Project("{2150E333-8FDC-42A3-9474-1A3956D46DE8}") = "src", "src", "{3C84EA48-9D66-4DE6-9E19-DBEE9A46DB6B}"
EndProject
Project("{FAE04EC0-301F-11D3-BF4B-00C04F79EFBC}") = "IdentityServer", "src\IdentityServer\IdentityServer.csproj", "{759448AD-1C59-4E59-B4A7-228E41546F2B}"
EndProject
Project("{FAE04EC0-301F-11D3-BF4B-00C04F79EFBC}") = "Api", "src\Api\Api.csproj", "{A51C27C8-0AEE-4ABD-986B-9AB88C8E7CE0}"
EndProject
Project("{FAE04EC0-301F-11D3-BF4B-00C04F79EFBC}") = "Client", "src\Client\Client.csproj", "{C88A66C9-4383-4126-90D9-7EB90423DE79}"
EndProject
Project("{FAE04EC0-301F-11D3-BF4B-00C04F79EFBC}") = "MvcClient", "src\MvcClient\MvcClient.csproj", "{7E3F7A62-9DCA-4D3B-B5AA-8697F83163D7}"
EndProject
Project("{FAE04EC0-301F-11D3-BF4B-00C04F79EFBC}") = "MvcClient2", "src\MvcClient2\MvcClient2.csproj", "{5A8803B2-F20F-4DB5-AE50-4BEDB537A7D6}"
EndProject
Global
	GlobalSection(SolutionConfigurationPlatforms) = preSolution
		Debug|Any CPU = Debug|Any CPU
		Debug|x64 = Debug|x64
		Debug|x86 = Debug|x86
		Release|Any CPU = Release|Any CPU
		Release|x64 = Release|x64
		Release|x86 = Release|x86
	EndGlobalSection
	GlobalSection(SolutionProperties) = preSolution
		HideSolutionNode = FALSE
	EndGlobalSection
	GlobalSection(ProjectConfigurationPlatforms) = postSolution
		{759448AD-1C59-4E59-B4A7-228E41546F2B}.Debug|Any CPU.ActiveCfg = Debug|Any CPU
		{759448AD-1C59-4E59-B4A7-228E41546F2B}.Debug|Any CPU.Build.0 = Debug|Any CPU
		{759448AD-1C59-4E59-B4A7-228E41546F2B}.Debug|x64.ActiveCfg = Debug|Any CPU
		{759448AD-1C59-4E59-B4A7-228E41546F2B}.Debug|x64.Build.0 = Debug|Any CPU
		{759448AD-1C59-4E59-B4A7-228E41546F2B}.Debug|x86.ActiveCfg = Debug|Any CPU
		{759448AD-1C59-4E59-B4A7-228E41546F2B}.Debug|x86.Build.0 = Debug|Any CPU
		{759448AD-1C59-4E59-B4A7-228E41546F2B}.Release|Any CPU.ActiveCfg = Release|Any CPU
		{759448AD-1C59-4E59-B4A7-228E41546F2B}.Release|Any CPU.Build.0 = Release|Any CPU
		{759448AD-1C59-4E59-B4A7-228E41546F2B}.Release|x64.ActiveCfg = Release|Any CPU
		{759448AD-1C59-4E59-B4A7-228E41546F2B}.Release|x64.Build.0 = Release|Any CPU
		{759448AD-1C59-4E59-B4A7-228E41546F2B}.Release|x86.ActiveCfg = Release|Any CPU
		{759448AD-1C59-4E59-B4A7-228E41546F2B}.Release|x86.Build.0 = Release|Any CPU
		{A51C27C8-0AEE-4ABD-986B-9AB88C8E7CE0}.Debug|Any CPU.ActiveCfg = Debug|Any CPU
		{A51C27C8-0AEE-4ABD-986B-9AB88C8E7CE0}.Debug|Any CPU.Build.0 = Debug|Any CPU
		{A51C27C8-0AEE-4ABD-986B-9AB88C8E7CE0}.Debug|x64.ActiveCfg = Debug|Any CPU
		{A51C27C8-0AEE-4ABD-986B-9AB88C8E7CE0}.Debug|x64.Build.0 = Debug|Any CPU
		{A51C27C8-0AEE-4ABD-986B-9AB88C8E7CE0}.Debug|x86.ActiveCfg = Debug|Any CPU
		{A51C27C8-0AEE-4ABD-986B-9AB88C8E7CE0}.Debug|x86.Build.0 = Debug|Any CPU
		{A51C27C8-0AEE-4ABD-986B-9AB88C8E7CE0}.Release|Any CPU.ActiveCfg = Release|Any CPU
		{A51C27C8-0AEE-4ABD-986B-9AB88C8E7CE0}.Release|Any CPU.Build.0 = Release|Any CPU
		{A51C27C8-0AEE-4ABD-986B-9AB88C8E7CE0}.Release|x64.ActiveCfg = Release|Any CPU
		{A51C27C8-0AEE-4ABD-986B-9AB88C8E7CE0}.Release|x64.Build.0 = Release|Any CPU
		{A51C27C8-0AEE-4ABD-986B-9AB88C8E7CE0}.Release|x86.ActiveCfg = Release|Any CPU
		{A51C27C8-0AEE-4ABD-986B-9AB88C8E7CE0}.Release|x86.Build.0 = Release|Any CPU
		{C88A66C9-4383-4126-90D9-7EB90423DE79}.Debug|Any CPU.ActiveCfg = Debug|Any CPU
		{C88A66C9-4383-4126-90D9-7EB90423DE79}.Debug|Any CPU.Build.0 = Debug|Any CPU
		{C88A66C9-4383-4126-90D9-7EB90423DE79}.Debug|x64.ActiveCfg = Debug|Any CPU
		{C88A66C9-4383-4126-90D9-7EB90423DE79}.Debug|x64.Build.0 = Debug|Any CPU
		{C88A66C9-4383-4126-90D9-7EB90423DE79}.Debug|x86.ActiveCfg = Debug|Any CPU
		{C88A66C9-4383-4126-90D9-7EB90423DE79}.Debug|x86.Build.0 = Debug|Any CPU
		{C88A66C9-4383-4126-90D9-7EB90423DE79}.Release|Any CPU.ActiveCfg = Release|Any CPU
		{C88A66C9-4383-4126-90D9-7EB90423DE79}.Release|Any CPU.Build.0 = Release|Any CPU
		{C88A66C9-4383-4126-90D9-7EB90423DE79}.Release|x64.ActiveCfg = Release|Any CPU
		{C88A66C9-4383-4126-90D9-7EB90423DE79}.Release|x64.Build.0 = Release|Any CPU
		{C88A66C9-4383-4126-90D9-7EB90423DE79}.Release|x86.ActiveCfg = Release|Any CPU
		{C88A66C9-4383-4126-90D9-7EB90423DE79}.Release|x86.Build.0 = Release|Any CPU
		{7E3F7A62-9DCA-4D3B-B5AA-8697F83163D7}.Debug|Any CPU.ActiveCfg = Debug|Any CPU
		{7E3F7A62-9DCA-4D3B-B5AA-8697F83163D7}.Debug|Any CPU.Build.0 = Debug|Any CPU
		{7E3F7A62-9DCA-4D3B-B5AA-8697F83163D7}.Debug|x64.ActiveCfg = Debug|Any CPU
		{7E3F7A62-9DCA-4D3B-B5AA-8697F83163D7}.Debug|x64.Build.0 = Debug|Any CPU
		{7E3F7A62-9DCA-4D3B-B5AA-8697F83163D7}.Debug|x86.ActiveCfg = Debug|Any CPU
		{7E3F7A62-9DCA-4D3B-B5AA-8697F83163D7}.Debug|x86.Build.0 = Debug|Any CPU
		{7E3F7A62-9DCA-4D3B-B5AA-8697F83163D7}.Release|Any CPU.ActiveCfg = Release|Any CPU
		{7E3F7A62-9DCA-4D3B-B5AA-8697F83163D7}.Release|Any CPU.Build.0 = Release|Any CPU
		{7E3F7A62-9DCA-4D3B-B5AA-8697F83163D7}.Release|x64.ActiveCfg = Release|Any CPU
		{7E3F7A62-9DCA-4D3B-B5AA-8697F83163D7}.Release|x64.Build.0 = Release|Any CPU
		{7E3F7A62-9DCA-4D3B-B5AA-8697F83163D7}.Release|x86.ActiveCfg = Release|Any CPU
		{7E3F7A62-9DCA-4D3B-B5AA-8697F83163D7}.Release|x86.Build.0 = Release|Any CPU
		{5A8803B2-F20F-4DB5-AE50-4BEDB537A7D6}.Debug|Any CPU.ActiveCfg = Debug|Any CPU
		{5A8803B2-F20F-4DB5-AE50-4BEDB537A7D6}.Debug|Any CPU.Build.0 = Debug|Any CPU
		{5A8803B2-F20F-4DB5-AE50-4BEDB537A7D6}.Debug|x64.ActiveCfg = Debug|Any CPU
		{5A8803B2-F20F-4DB5-AE50-4BEDB537A7D6}.Debug|x64.Build.0 = Debug|Any CPU
		{5A8803B2-F20F-4DB5-AE50-4BEDB537A7D6}.Debug|x86.ActiveCfg = Debug|Any CPU
		{5A8803B2-F20F-4DB5-AE50-4BEDB537A7D6}.Debug|x86.Build.0 = Debug|Any CPU
		{5A8803B2-F20F-4DB5-AE50-4BEDB537A7D6}.Release|Any CPU.ActiveCfg = Release|Any CPU
		{5A8803B2-F20F-4DB5-AE50-4BEDB537A7D6}.Release|Any CPU.Build.0 = Release|Any CPU
		{5A8803B2-F20F-4DB5-AE50-4BEDB537A7D6}.Release|x64.ActiveCfg = Release|Any CPU
		{5A8803B2-F20F-4DB5-AE50-4BEDB537A7D6}.Release|x64.Build.0 = Release|Any CPU
		{5A8803B2-F20F-4DB5-AE50-4BEDB537A7D6}.Release|x86.ActiveCfg = Release|Any CPU
		{5A8803B2-F20F-4DB5-AE50-4BEDB537A7D6}.Release|x86.Build.0 = Release|Any CPU
	EndGlobalSection
	GlobalSection(NestedProjects) = preSolution
		{759448AD-1C59-4E59-B4A7-228E41546F2B} = {3C84EA48-9D66-4DE6-9E19-DBEE9A46DB6B}
		{A51C27C8-0AEE-4ABD-986B-9AB88C8E7CE0} = {3C84EA48-9D66-4DE6-9E19-DBEE9A46DB6B}
		{C88A66C9-4383-4126-90D9-7EB90423DE79} = {3C84EA48-9D66-4DE6-9E19-DBEE9A46DB6B}
		{7E3F7A62-9DCA-4D3B-B5AA-8697F83163D7} = {3C84EA48-9D66-4DE6-9E19-DBEE9A46DB6B}
		{5A8803B2-F20F-4DB5-AE50-4BEDB537A7D6} = {3C84EA48-9D66-4DE6-9E19-DBEE9A46DB6B}
	EndGlobalSection
EndGlobal
